github.com/toaweme/log v0.0.0-20250321002546-ea15d4316a13 h1:Xur788XfuHYKI+PzoD+SHqjuTBjfuke+s6wPBPzHYHM=
github.com/toaweme/log v0.0.0-20250321002546-ea15d4316a13/go.mod h1:1Wo5Aexza8MvKyoAYzMH5NyXOFxgvT9LMdC8erOGhcU=
github.com/toaweme/log v0.0.0-20250321184815-08602ebb4ec5 h1:f6u5ZTVS4OtSsFVigsSWx7YxHHWslKP1HgI3ur4yS+A=
github.com/toaweme/log v0.0.0-20250321184815-08602ebb4ec5/go.mod h1:1Wo5Aexza8MvKyoAYzMH5NyXOFxgvT9LMdC8erOGhcU=
